<?xml version="1.0" encoding="utf-8"?>
<Project ToolsVersion="4.0" xmlns="http://schemas.microsoft.com/developer/msbuild/2003">
  <ItemGroup>
    <Filter Include="Resource Files">
      <UniqueIdentifier>{67DA6AB6-F800-4c08-8B7A-83BB121AAD01}</UniqueIdentifier>
      <Extensions>rc;ico;cur;bmp;dlg;rc2;rct;bin;rgs;gif;jpg;jpeg;jpe;resx;tiff;tif;png;wav;mfcribbon-ms</Extensions>
    </Filter>
    <Filter Include="Core">
      <UniqueIdentifier>{7c913999-8d0f-4729-be3e-5d135bf8140f}</UniqueIdentifier>
    </Filter>
  </ItemGroup>
  <ItemGroup>
    <ClCompile Include="TestGame.cpp" />
    <ClCompile Include="main.cpp" />
    <ClCompile Include="Core\ErrorLog.cpp">
      <Filter>Core</Filter>
    </ClCompile>
    <ClCompile Include="Core\InputManager.cpp">
      <Filter>Core</Filter>
    </ClCompile>
    <ClCompile Include="Core\Time.cpp">
      <Filter>Core</Filter>
    </ClCompile>
    <ClCompile Include="Core\Utility.cpp">
      <Filter>Core</Filter>
    </ClCompile>
    <ClCompile Include="Core\IGame.cpp">
      <Filter>Core</Filter>
    </ClCompile>
    <ClCompile Include="Core\ISceneList.cpp">
      <Filter>Core</Filter>
    </ClCompile>
    <ClCompile Include="MainGame.cpp" />
    <ClCompile Include="Core\FPSLimiter.cpp">
      <Filter>Core</Filter>
    </ClCompile>
    <ClCompile Include="Core\Camera.cpp">
      <Filter>Core</Filter>
    </ClCompile>
    <ClCompile Include="Core\Display.cpp">
      <Filter>Core</Filter>
    </ClCompile>
    <ClCompile Include="Core\picoPNG.cpp">
      <Filter>Core</Filter>
    </ClCompile>
    <ClCompile Include="Core\TextureResources.cpp">
      <Filter>Core</Filter>
    </ClCompile>
    <ClCompile Include="Core\SceneNode.cpp">
      <Filter>Core</Filter>
    </ClCompile>
    <ClCompile Include="Core\Shader.cpp">
      <Filter>Core</Filter>
    </ClCompile>
  </ItemGroup>
  <ItemGroup>
    <ClInclude Include="TestGame.h" />
    <ClInclude Include="Core\ErrorLog.h">
      <Filter>Core</Filter>
    </ClInclude>
    <ClInclude Include="Core\InputManager.h">
      <Filter>Core</Filter>
    </ClInclude>
    <ClInclude Include="Core\Time.h">
      <Filter>Core</Filter>
    </ClInclude>
    <ClInclude Include="Core\Reference.h">
      <Filter>Core</Filter>
    </ClInclude>
    <ClInclude Include="Core\Utility.h">
      <Filter>Core</Filter>
    </ClInclude>
    <ClInclude Include="Core\IScene.h">
      <Filter>Core</Filter>
    </ClInclude>
    <ClInclude Include="Core\IGame.h">
      <Filter>Core</Filter>
    </ClInclude>
    <ClInclude Include="Core\ISceneList.h">
      <Filter>Core</Filter>
    </ClInclude>
    <ClInclude Include="MainGame.h" />
    <ClInclude Include="Core\FPSLimiter.h">
      <Filter>Core</Filter>
    </ClInclude>
    <ClInclude Include="Core\Camera.h">
      <Filter>Core</Filter>
    </ClInclude>
    <ClInclude Include="Core\ColourRGB8.h">
      <Filter>Core</Filter>
    </ClInclude>
    <ClInclude Include="Core\Display.h">
      <Filter>Core</Filter>
    </ClInclude>
    <ClInclude Include="Core\picoPNG.h">
      <Filter>Core</Filter>
    </ClInclude>
    <ClInclude Include="Core\Texture.h">
      <Filter>Core</Filter>
    </ClInclude>
    <ClInclude Include="Core\TextureResources.h">
      <Filter>Core</Filter>
    </ClInclude>
    <ClInclude Include="Core\Vertex.h">
      <Filter>Core</Filter>
    </ClInclude>
    <ClInclude Include="Core\SceneNode.h">
      <Filter>Core</Filter>
    </ClInclude>
    <ClInclude Include="Core\Shader.h">
      <Filter>Core</Filter>
    </ClInclude>
  </ItemGroup>
</Project>